// !$*UTF8*$!
{
	archiveVersion = 1;
	classes = {
	};
	objectVersion = 55;
	objects = {

/* Begin PBXBuildFile section */
		F83E62C3280C3B7D00CB00AC /* ChatDemoApp.swift in Sources */ = {isa = PBXBuildFile; fileRef = F83E62C2280C3B7D00CB00AC /* ChatDemoApp.swift */; };
		F83E62C7280C3B7E00CB00AC /* Assets.xcassets in Resources */ = {isa = PBXBuildFile; fileRef = F83E62C6280C3B7E00CB00AC /* Assets.xcassets */; };
		F83E62CA280C3B7E00CB00AC /* Preview Assets.xcassets in Resources */ = {isa = PBXBuildFile; fileRef = F83E62C9280C3B7E00CB00AC /* Preview Assets.xcassets */; };
		F83E62D5280C3BD900CB00AC /* Color.swift in Sources */ = {isa = PBXBuildFile; fileRef = F83E62D4280C3BD900CB00AC /* Color.swift */; };
		F83E62D8280C3D9900CB00AC /* TitleRowView.swift in Sources */ = {isa = PBXBuildFile; fileRef = F83E62D7280C3D9900CB00AC /* TitleRowView.swift */; };
		F83E62DA280C42B600CB00AC /* HomeView.swift in Sources */ = {isa = PBXBuildFile; fileRef = F83E62D9280C42B600CB00AC /* HomeView.swift */; };
		F83E62DC280C431900CB00AC /* Message.swift in Sources */ = {isa = PBXBuildFile; fileRef = F83E62DB280C431900CB00AC /* Message.swift */; };
		F83E62DE280C43C500CB00AC /* MessageBubbleView.swift in Sources */ = {isa = PBXBuildFile; fileRef = F83E62DD280C43C500CB00AC /* MessageBubbleView.swift */; };
		F83E62E0280C43FC00CB00AC /* PreviewMessage.swift in Sources */ = {isa = PBXBuildFile; fileRef = F83E62DF280C43FC00CB00AC /* PreviewMessage.swift */; };
/* End PBXBuildFile section */

/* Begin PBXFileReference section */
		F83E62BF280C3B7D00CB00AC /* ChatDemo.app */ = {isa = PBXFileReference; explicitFileType = wrapper.application; includeInIndex = 0; path = ChatDemo.app; sourceTree = BUILT_PRODUCTS_DIR; };
		F83E62C2280C3B7D00CB00AC /* ChatDemoApp.swift */ = {isa = PBXFileReference; lastKnownFileType = sourcecode.swift; path = ChatDemoApp.swift; sourceTree = "<group>"; };
		F83E62C6280C3B7E00CB00AC /* Assets.xcassets */ = {isa = PBXFileReference; lastKnownFileType = folder.assetcatalog; path = Assets.xcassets; sourceTree = "<group>"; };
		F83E62C9280C3B7E00CB00AC /* Preview Assets.xcassets */ = {isa = PBXFileReference; lastKnownFileType = folder.assetcatalog; path = "Preview Assets.xcassets"; sourceTree = "<group>"; };
		F83E62D4280C3BD900CB00AC /* Color.swift */ = {isa = PBXFileReference; lastKnownFileType = sourcecode.swift; path = Color.swift; sourceTree = "<group>"; };
		F83E62D7280C3D9900CB00AC /* TitleRowView.swift */ = {isa = PBXFileReference; lastKnownFileType = sourcecode.swift; path = TitleRowView.swift; sourceTree = "<group>"; };
		F83E62D9280C42B600CB00AC /* HomeView.swift */ = {isa = PBXFileReference; lastKnownFileType = sourcecode.swift; path = HomeView.swift; sourceTree = "<group>"; };
		F83E62DB280C431900CB00AC /* Message.swift */ = {isa = PBXFileReference; lastKnownFileType = sourcecode.swift; path = Message.swift; sourceTree = "<group>"; };
		F83E62DD280C43C500CB00AC /* MessageBubbleView.swift */ = {isa = PBXFileReference; lastKnownFileType = sourcecode.swift; path = MessageBubbleView.swift; sourceTree = "<group>"; };
		F83E62DF280C43FC00CB00AC /* PreviewMessage.swift */ = {isa = PBXFileReference; lastKnownFileType = sourcecode.swift; path = PreviewMessage.swift; sourceTree = "<group>"; };
/* End PBXFileReference section */

/* Begin PBXFrameworksBuildPhase section */
		F83E62BC280C3B7D00CB00AC /* Frameworks */ = {
			isa = PBXFrameworksBuildPhase;
			buildActionMask = 2147483647;
			files = (
			);
			runOnlyForDeploymentPostprocessing = 0;
		};
/* End PBXFrameworksBuildPhase section */

/* Begin PBXGroup section */
		F83E62B6280C3B7D00CB00AC = {
			isa = PBXGroup;
			children = (
				F83E62C1280C3B7D00CB00AC /* ChatDemo */,
				F83E62C0280C3B7D00CB00AC /* Products */,
			);
			sourceTree = "<group>";
		};
		F83E62C0280C3B7D00CB00AC /* Products */ = {
			isa = PBXGroup;
			children = (
				F83E62BF280C3B7D00CB00AC /* ChatDemo.app */,
			);
			name = Products;
			sourceTree = "<group>";
		};
		F83E62C1280C3B7D00CB00AC /* ChatDemo */ = {
			isa = PBXGroup;
			children = (
				F83E62C2280C3B7D00CB00AC /* ChatDemoApp.swift */,
				F83E62D2280C3BA500CB00AC /* Views */,
				F83E62D1280C3B9D00CB00AC /* ViewModels */,
				F83E62D0280C3B9300CB00AC /* Models */,
				F83E62D3280C3BAA00CB00AC /* Extension */,
				F83E62C6280C3B7E00CB00AC /* Assets.xcassets */,
				F83E62C8280C3B7E00CB00AC /* Preview Content */,
			);
			path = ChatDemo;
			sourceTree = "<group>";
		};
		F83E62C8280C3B7E00CB00AC /* Preview Content */ = {
			isa = PBXGroup;
			children = (
				F83E62C9280C3B7E00CB00AC /* Preview Assets.xcassets */,
				F83E62DF280C43FC00CB00AC /* PreviewMessage.swift */,
			);
			path = "Preview Content";
			sourceTree = "<group>";
		};
		F83E62D0280C3B9300CB00AC /* Models */ = {
			isa = PBXGroup;
			children = (
				F83E62DB280C431900CB00AC /* Message.swift */,
			);
			path = Models;
			sourceTree = "<group>";
		};
		F83E62D1280C3B9D00CB00AC /* ViewModels */ = {
			isa = PBXGroup;
			children = (
			);
			path = ViewModels;
			sourceTree = "<group>";
		};
		F83E62D2280C3BA500CB00AC /* Views */ = {
			isa = PBXGroup;
			children = (
				F83E62D9280C42B600CB00AC /* HomeView.swift */,
				F83E62D6280C3D2800CB00AC /* Components */,
			);
			path = Views;
			sourceTree = "<group>";
		};
		F83E62D3280C3BAA00CB00AC /* Extension */ = {
			isa = PBXGroup;
			children = (
				F83E62D4280C3BD900CB00AC /* Color.swift */,
			);
			path = Extension;
			sourceTree = "<group>";
		};
		F83E62D6280C3D2800CB00AC /* Components */ = {
			isa = PBXGroup;
			children = (
				F83E62D7280C3D9900CB00AC /* TitleRowView.swift */,
				F83E62DD280C43C500CB00AC /* MessageBubbleView.swift */,
			);
			path = Components;
			sourceTree = "<group>";
		};
/* End PBXGroup section */

/* Begin PBXNativeTarget section */
		F83E62BE280C3B7D00CB00AC /* ChatDemo */ = {
			isa = PBXNativeTarget;
			buildConfigurationList = F83E62CD280C3B7E00CB00AC /* Build configuration list for PBXNativeTarget "ChatDemo" */;
			buildPhases = (
				F83E62BB280C3B7D00CB00AC /* Sources */,
				F83E62BC280C3B7D00CB00AC /* Frameworks */,
				F83E62BD280C3B7D00CB00AC /* Resources */,
			);
			buildRules = (
			);
			dependencies = (
			);
			name = ChatDemo;
			productName = ChatDemo;
			productReference = F83E62BF280C3B7D00CB00AC /* ChatDemo.app */;
			productType = "com.apple.product-type.application";
		};
/* End PBXNativeTarget section */

/* Begin PBXProject section */
		F83E62B7280C3B7D00CB00AC /* Project object */ = {
			isa = PBXProject;
			attributes = {
				BuildIndependentTargetsInParallel = 1;
				LastSwiftUpdateCheck = 1330;
				LastUpgradeCheck = 1330;
				TargetAttributes = {
					F83E62BE280C3B7D00CB00AC = {
						CreatedOnToolsVersion = 13.3.1;
					};
				};
			};
			buildConfigurationList = F83E62BA280C3B7D00CB00AC /* Build configuration list for PBXProject "ChatDemo" */;
			compatibilityVersion = "Xcode 13.0";
			developmentRegion = en;
			hasScannedForEncodings = 0;
			knownRegions = (
				en,
				Base,
			);
			mainGroup = F83E62B6280C3B7D00CB00AC;
			productRefGroup = F83E62C0280C3B7D00CB00AC /* Products */;
			projectDirPath = "";
			projectRoot = "";
			targets = (
				F83E62BE280C3B7D00CB00AC /* ChatDemo */,
			);
		};
/* End PBXProject section */

/* Begin PBXResourcesBuildPhase section */
		F83E62BD280C3B7D00CB00AC /* Resources */ = {
			isa = PBXResourcesBuildPhase;
			buildActionMask = 2147483647;
			files = (
				F83E62CA280C3B7E00CB00AC /* Preview Assets.xcassets in Resources */,
				F83E62C7280C3B7E00CB00AC /* Assets.xcassets in Resources */,
			);
			runOnlyForDeploymentPostprocessing = 0;
		};
/* End PBXResourcesBuildPhase section */

/* Begin PBXSourcesBuildPhase section */
		F83E62BB280C3B7D00CB00AC /* Sources */ = {
			isa = PBXSourcesBuildPhase;
			buildActionMask = 2147483647;
			files = (
				F83E62C3280C3B7D00CB00AC /* ChatDemoApp.swift in Sources */,
				F83E62D8280C3D9900CB00AC /* TitleRowView.swift in Sources */,
				F83E62DE280C43C500CB00AC /* MessageBubbleView.swift in Sources */,
				F83E62DC280C431900CB00AC /* Message.swift in Sources */,
				F83E62DA280C42B600CB00AC /* HomeView.swift in Sources */,
				F83E62E0280C43FC00CB00AC /* PreviewMessage.swift in Sources */,
				F83E62D5280C3BD900CB00AC /* Color.swift in Sources */,
			);
			runOnlyForDeploymentPostprocessing = 0;
		};
/* End PBXSourcesBuildPhase section */

/* Begin XCBuildConfiguration section */
		F83E62CB280C3B7E00CB00AC /* Debug */ = {
			isa = XCBuildConfiguration;
			buildSettings = {
				ALWAYS_SEARCH_USER_PATHS = NO;
				CLANG_ANALYZER_NONNULL = YES;
				CLANG_ANALYZER_NUMBER_OBJECT_CONVERSION = YES_AGGRESSIVE;
				CLANG_CXX_LANGUAGE_STANDARD = "gnu++17";
				CLANG_ENABLE_MODULES = YES;
				CLANG_ENABLE_OBJC_ARC = YES;
				CLANG_ENABLE_OBJC_WEAK = YES;
				CLANG_WARN_BLOCK_CAPTURE_AUTORELEASING = YES;
				CLANG_WARN_BOOL_CONVERSION = YES;
				CLANG_WARN_COMMA = YES;
				CLANG_WARN_CONSTANT_CONVERSION = YES;
				CLANG_WARN_DEPRECATED_OBJC_IMPLEMENTATIONS = YES;
				CLANG_WARN_DIRECT_OBJC_ISA_USAGE = YES_ERROR;
				CLANG_WARN_DOCUMENTATION_COMMENTS = YES;
				CLANG_WARN_EMPTY_BODY = YES;
				CLANG_WARN_ENUM_CONVERSION = YES;
				CLANG_WARN_INFINITE_RECURSION = YES;
				CLANG_WARN_INT_CONVERSION = YES;
				CLANG_WARN_NON_LITERAL_NULL_CONVERSION = YES;
				CLANG_WARN_OBJC_IMPLICIT_RETAIN_SELF = YES;
				CLANG_WARN_OBJC_LITERAL_CONVERSION = YES;
				CLANG_WARN_OBJC_ROOT_CLASS = YES_ERROR;
				CLANG_WARN_QUOTED_INCLUDE_IN_FRAMEWORK_HEADER = YES;
				CLANG_WARN_RANGE_LOOP_ANALYSIS = YES;
				CLANG_WARN_STRICT_PROTOTYPES = YES;
				CLANG_WARN_SUSPICIOUS_MOVE = YES;
				CLANG_WARN_UNGUARDED_AVAILABILITY = YES_AGGRESSIVE;
				CLANG_WARN_UNREACHABLE_CODE = YES;
				CLANG_WARN__DUPLICATE_METHOD_MATCH = YES;
				COPY_PHASE_STRIP = NO;
				DEBUG_INFORMATION_FORMAT = dwarf;
				ENABLE_STRICT_OBJC_MSGSEND = YES;
				ENABLE_TESTABILITY = YES;
				GCC_C_LANGUAGE_STANDARD = gnu11;
				GCC_DYNAMIC_NO_PIC = NO;
				GCC_NO_COMMON_BLOCKS = YES;
				GCC_OPTIMIZATION_LEVEL = 0;
				GCC_PREPROCESSOR_DEFINITIONS = (
					"DEBUG=1",
					"$(inherited)",
				);
				GCC_WARN_64_TO_32_BIT_CONVERSION = YES;
				GCC_WARN_ABOUT_RETURN_TYPE = YES_ERROR;
				GCC_WARN_UNDECLARED_SELECTOR = YES;
				GCC_WARN_UNINITIALIZED_AUTOS = YES_AGGRESSIVE;
				GCC_WARN_UNUSED_FUNCTION = YES;
				GCC_WARN_UNUSED_VARIABLE = YES;
				IPHONEOS_DEPLOYMENT_TARGET = 15.4;
				MTL_ENABLE_DEBUG_INFO = INCLUDE_SOURCE;
				MTL_FAST_MATH = YES;
				ONLY_ACTIVE_ARCH = YES;
				SDKROOT = iphoneos;
				SWIFT_ACTIVE_COMPILATION_CONDITIONS = DEBUG;
				SWIFT_OPTIMIZATION_LEVEL = "-Onone";
			};
			name = Debug;
		};
		F83E62CC280C3B7E00CB00AC /* Release */ = {
			isa = XCBuildConfiguration;
			buildSettings = {
				ALWAYS_SEARCH_USER_PATHS = NO;
				CLANG_ANALYZER_NONNULL = YES;
				CLANG_ANALYZER_NUMBER_OBJECT_CONVERSION = YES_AGGRESSIVE;
				CLANG_CXX_LANGUAGE_STANDARD = "gnu++17";
				CLANG_ENABLE_MODULES = YES;
				CLANG_ENABLE_OBJC_ARC = YES;
				CLANG_ENABLE_OBJC_WEAK = YES;
				CLANG_WARN_BLOCK_CAPTURE_AUTORELEASING = YES;
				CLANG_WARN_BOOL_CONVERSION = YES;
				CLANG_WARN_COMMA = YES;
				CLANG_WARN_CONSTANT_CONVERSION = YES;
				CLANG_WARN_DEPRECATED_OBJC_IMPLEMENTATIONS = YES;
				CLANG_WARN_DIRECT_OBJC_ISA_USAGE = YES_ERROR;
				CLANG_WARN_DOCUMENTATION_COMMENTS = YES;
				CLANG_WARN_EMPTY_BODY = YES;
				CLANG_WARN_ENUM_CONVERSION = YES;
				CLANG_WARN_INFINITE_RECURSION = YES;
				CLANG_WARN_INT_CONVERSION = YES;
				CLANG_WARN_NON_LITERAL_NULL_CONVERSION = YES;
				CLANG_WARN_OBJC_IMPLICIT_RETAIN_SELF = YES;
				CLANG_WARN_OBJC_LITERAL_CONVERSION = YES;
				CLANG_WARN_OBJC_ROOT_CLASS = YES_ERROR;
				CLANG_WARN_QUOTED_INCLUDE_IN_FRAMEWORK_HEADER = YES;
				CLANG_WARN_RANGE_LOOP_ANALYSIS = YES;
				CLANG_WARN_STRICT_PROTOTYPES = YES;
				CLANG_WARN_SUSPICIOUS_MOVE = YES;
				CLANG_WARN_UNGUARDED_AVAILABILITY = YES_AGGRESSIVE;
				CLANG_WARN_UNREACHABLE_CODE = YES;
				CLANG_WARN__DUPLICATE_METHOD_MATCH = YES;
				COPY_PHASE_STRIP = NO;
				DEBUG_INFORMATION_FORMAT = "dwarf-with-dsym";
				ENABLE_NS_ASSERTIONS = NO;
				ENABLE_STRICT_OBJC_MSGSEND = YES;
				GCC_C_LANGUAGE_STANDARD = gnu11;
				GCC_NO_COMMON_BLOCKS = YES;
				GCC_WARN_64_TO_32_BIT_CONVERSION = YES;
				GCC_WARN_ABOUT_RETURN_TYPE = YES_ERROR;
				GCC_WARN_UNDECLARED_SELECTOR = YES;
				GCC_WARN_UNINITIALIZED_AUTOS = YES_AGGRESSIVE;
				GCC_WARN_UNUSED_FUNCTION = YES;
				GCC_WARN_UNUSED_VARIABLE = YES;
				IPHONEOS_DEPLOYMENT_TARGET = 15.4;
				MTL_ENABLE_DEBUG_INFO = NO;
				MTL_FAST_MATH = YES;
				SDKROOT = iphoneos;
				SWIFT_COMPILATION_MODE = wholemodule;
				SWIFT_OPTIMIZATION_LEVEL = "-O";
				VALIDATE_PRODUCT = YES;
			};
			name = Release;
		};
		F83E62CE280C3B7E00CB00AC /* Debug */ = {
			isa = XCBuildConfiguration;
			buildSettings = {
				ASSETCATALOG_COMPILER_APPICON_NAME = AppIcon;
				ASSETCATALOG_COMPILER_GLOBAL_ACCENT_COLOR_NAME = AccentColor;
				CODE_SIGN_STYLE = Automatic;
				CURRENT_PROJECT_VERSION = 1;
				DEVELOPMENT_ASSET_PATHS = "\"ChatDemo/Preview Content\"";
				DEVELOPMENT_TEAM = H5J3S6F67R;
				ENABLE_PREVIEWS = YES;
				GENERATE_INFOPLIST_FILE = YES;
				INFOPLIST_KEY_UIApplicationSceneManifest_Generation = YES;
				INFOPLIST_KEY_UIApplicationSupportsIndirectInputEvents = YES;
				INFOPLIST_KEY_UILaunchScreen_Generation = YES;
				INFOPLIST_KEY_UISupportedInterfaceOrientations_iPad = "UIInterfaceOrientationPortrait UIInterfaceOrientationPortraitUpsideDown UIInterfaceOrientationLandscapeLeft UIInterfaceOrientationLandscapeRight";
				INFOPLIST_KEY_UISupportedInterfaceOrientations_iPhone = "UIInterfaceOrientationPortrait UIInterfaceOrientationLandscapeLeft UIInterfaceOrientationLandscapeRight";
				LD_RUNPATH_SEARCH_PATHS = (
					"$(inherited)",
					"@executable_path/Frameworks",
				);
				MARKETING_VERSION = 1.0;
				PRODUCT_BUNDLE_IDENTIFIER = com.pal.artem.ChatDemo;
				PRODUCT_NAME = "$(TARGET_NAME)";
				SWIFT_EMIT_LOC_STRINGS = YES;
				SWIFT_VERSION = 5.0;
				TARGETED_DEVICE_FAMILY = "1,2";
			};
			name = Debug;
		};
		F83E62CF280C3B7E00CB00AC /* Release */ = {
			isa = XCBuildConfiguration;
			buildSettings = {
				ASSETCATALOG_COMPILER_APPICON_NAME = AppIcon;
				ASSETCATALOG_COMPILER_GLOBAL_ACCENT_COLOR_NAME = AccentColor;
				CODE_SIGN_STYLE = Automatic;
				CURRENT_PROJECT_VERSION = 1;
				DEVELOPMENT_ASSET_PATHS = "\"ChatDemo/Preview Content\"";
				DEVELOPMENT_TEAM = H5J3S6F67R;
				ENABLE_PREVIEWS = YES;
				GENERATE_INFOPLIST_FILE = YES;
				INFOPLIST_KEY_UIApplicationSceneManifest_Generation = YES;
				INFOPLIST_KEY_UIApplicationSupportsIndirectInputEvents = YES;
				INFOPLIST_KEY_UILaunchScreen_Generation = YES;
				INFOPLIST_KEY_UISupportedInterfaceOrientations_iPad = "UIInterfaceOrientationPortrait UIInterfaceOrientationPortraitUpsideDown UIInterfaceOrientationLandscapeLeft UIInterfaceOrientationLandscapeRight";
				INFOPLIST_KEY_UISupportedInterfaceOrientations_iPhone = "UIInterfaceOrientationPortrait UIInterfaceOrientationLandscapeLeft UIInterfaceOrientationLandscapeRight";
				LD_RUNPATH_SEARCH_PATHS = (
					"$(inherited)",
					"@executable_path/Frameworks",
				);
				MARKETING_VERSION = 1.0;
				PRODUCT_BUNDLE_IDENTIFIER = com.pal.artem.ChatDemo;
				PRODUCT_NAME = "$(TARGET_NAME)";
				SWIFT_EMIT_LOC_STRINGS = YES;
				SWIFT_VERSION = 5.0;
				TARGETED_DEVICE_FAMILY = "1,2";
			};
			name = Release;
		};
/* End XCBuildConfiguration section */

/* Begin XCConfigurationList section */
		F83E62BA280C3B7D00CB00AC /* Build configuration list for PBXProject "ChatDemo" */ = {
			isa = XCConfigurationList;
			buildConfigurations = (
				F83E62CB280C3B7E00CB00AC /* Debug */,
				F83E62CC280C3B7E00CB00AC /* Release */,
			);
			defaultConfigurationIsVisible = 0;
			defaultConfigurationName = Release;
		};
		F83E62CD280C3B7E00CB00AC /* Build configuration list for PBXNativeTarget "ChatDemo" */ = {
			isa = XCConfigurationList;
			buildConfigurations = (
				F83E62CE280C3B7E00CB00AC /* Debug */,
				F83E62CF280C3B7E00CB00AC /* Release */,
			);
			defaultConfigurationIsVisible = 0;
			defaultConfigurationName = Release;
		};
/* End XCConfigurationList section */
	};
	rootObject = F83E62B7280C3B7D00CB00AC /* Project object */;
}
